<?xml version="1.0" encoding="utf-8"?>
<Project ToolsVersion="4.0" xmlns="http://schemas.microsoft.com/developer/msbuild/2003">
  <ItemGroup>
    <Filter Include="src">
      <UniqueIdentifier>{4FC737F1-C7A5-4376-A066-2A32D752A2FF}</UniqueIdentifier>
      <Extensions>cpp;c;cc;cxx;def;odl;idl;hpj;bat;asm;asmx</Extensions>
    </Filter>
    <Filter Include="include">
      <UniqueIdentifier>{93995380-89BD-4b04-88EB-625FBE52EBFB}</UniqueIdentifier>
      <Extensions>h;hpp;hxx;hm;inl;inc;xsd</Extensions>
    </Filter>
  </ItemGroup>
  <ItemGroup>
    <ClCompile Include="..\..\src\env.cpp">
      <Filter>src</Filter>
    </ClCompile>
    <ClCompile Include="..\..\src\messages.cpp">
      <Filter>src</Filter>
    </ClCompile>
    <ClCompile Include="..\..\src\mips.cpp">
      <Filter>src</Filter>
    </ClCompile>
    <ClCompile Include="..\..\src\mtsstream.cpp">
      <Filter>src</Filter>
    </ClCompile>
    <ClCompile Include="..\..\src\primitives.cpp">
      <Filter>src</Filter>
    </ClCompile>
    <ClCompile Include="..\..\src\priscas_osi.cpp">
      <Filter>src</Filter>
    </ClCompile>
    <ClCompile Include="..\..\src\program.cpp">
      <Filter>src</Filter>
    </ClCompile>
    <ClCompile Include="..\..\src\range.cpp">
      <Filter>src</Filter>
    </ClCompile>
    <ClCompile Include="..\..\src\shell.cpp">
      <Filter>src</Filter>
    </ClCompile>
    <ClCompile Include="..\..\src\shell_entry.cpp">
      <Filter>src</Filter>
    </ClCompile>
    <ClCompile Include="..\..\src\streams.cpp">
      <Filter>src</Filter>
    </ClCompile>
    <ClCompile Include="..\..\src\syms_table.cpp">
      <Filter>src</Filter>
    </ClCompile>
    <ClCompile Include="..\..\src\ustrop.cpp">
      <Filter>src</Filter>
    </ClCompile>
  </ItemGroup>
  <ItemGroup>
    <ClInclude Include="..\..\include\branding.h">
      <Filter>include</Filter>
    </ClInclude>
    <ClInclude Include="..\..\include\context.h">
      <Filter>include</Filter>
    </ClInclude>
    <ClInclude Include="..\..\include\env.h">
      <Filter>include</Filter>
    </ClInclude>
    <ClInclude Include="..\..\include\ISA.h">
      <Filter>include</Filter>
    </ClInclude>
    <ClInclude Include="..\..\include\messages.h">
      <Filter>include</Filter>
    </ClInclude>
    <ClInclude Include="..\..\include\mips.h">
      <Filter>include</Filter>
    </ClInclude>
    <ClInclude Include="..\..\include\mmem.h">
      <Filter>include</Filter>
    </ClInclude>
    <ClInclude Include="..\..\include\mt_exception.h">
      <Filter>include</Filter>
    </ClInclude>
    <ClInclude Include="..\..\include\mtsstream.h">
      <Filter>include</Filter>
    </ClInclude>
    <ClInclude Include="..\..\include\mtswriter.h">
      <Filter>include</Filter>
    </ClInclude>
    <ClInclude Include="..\..\include\primitives.h">
      <Filter>include</Filter>
    </ClInclude>
    <ClInclude Include="..\..\include\priscas_core.h">
      <Filter>include</Filter>
    </ClInclude>
    <ClInclude Include="..\..\include\priscas_global.h">
      <Filter>include</Filter>
    </ClInclude>
    <ClInclude Include="..\..\include\priscas_osi.h">
      <Filter>include</Filter>
    </ClInclude>
    <ClInclude Include="..\..\include\program.h">
      <Filter>include</Filter>
    </ClInclude>
    <ClInclude Include="..\..\include\range.h">
      <Filter>include</Filter>
    </ClInclude>
    <ClInclude Include="..\..\include\runtime_call.h">
      <Filter>include</Filter>
    </ClInclude>
    <ClInclude Include="..\..\include\shell.h">
      <Filter>include</Filter>
    </ClInclude>
    <ClInclude Include="..\..\include\streams.h">
      <Filter>include</Filter>
    </ClInclude>
    <ClInclude Include="..\..\include\syms_table.h">
      <Filter>include</Filter>
    </ClInclude>
    <ClInclude Include="..\..\include\ustrop.h">
      <Filter>include</Filter>
    </ClInclude>
  </ItemGroup>
</Project>