
Microsoft Visual Studio Solution File, Format Version 11.00
# Visual C++ Express 2010
Project("{8BC9CEB8-8B4A-11D0-8D11-00A0C91BC942}") = "class", "class\class.vcxproj", "{984D653A-FB3E-4928-9140-A3E7DC75F808}"
EndProject
Project("{8BC9CEB8-8B4A-11D0-8D11-00A0C91BC942}") = "csim", "csim\csim.vcxproj", "{D5C0F0BD-1AA5-4E90-9669-52EA146C4DAC}"
EndProject
Global
	GlobalSection(SolutionConfigurationPlatforms) = preSolution
		Debug|Win32 = Debug|Win32
		Release|Win32 = Release|Win32
	EndGlobalSection
	GlobalSection(ProjectConfigurationPlatforms) = postSolution
		{984D653A-FB3E-4928-9140-A3E7DC75F808}.Debug|Win32.ActiveCfg = Debug|Win32
		{984D653A-FB3E-4928-9140-A3E7DC75F808}.Debug|Win32.Build.0 = Debug|Win32
		{984D653A-FB3E-4928-9140-A3E7DC75F808}.Release|Win32.ActiveCfg = Release|Win32
		{984D653A-FB3E-4928-9140-A3E7DC75F808}.Release|Win32.Build.0 = Release|Win32
		{D5C0F0BD-1AA5-4E90-9669-52EA146C4DAC}.Debug|Win32.ActiveCfg = Debug|Win32
		{D5C0F0BD-1AA5-4E90-9669-52EA146C4DAC}.Debug|Win32.Build.0 = Debug|Win32
		{D5C0F0BD-1AA5-4E90-9669-52EA146C4DAC}.Release|Win32.ActiveCfg = Release|Win32
		{D5C0F0BD-1AA5-4E90-9669-52EA146C4DAC}.Release|Win32.Build.0 = Release|Win32
	EndGlobalSection
	GlobalSection(SolutionProperties) = preSolution
		HideSolutionNode = FALSE
	EndGlobalSection
EndGlobal
